<?xml version="1.0" encoding="utf-8"?>
<Project ToolsVersion="4.0" xmlns="http://schemas.microsoft.com/developer/msbuild/2003">
  <ItemGroup>
    <Filter Include="Source Files">
      <UniqueIdentifier>{4FC737F1-C7A5-4376-A066-2A32D752A2FF}</UniqueIdentifier>
      <Extensions>cpp;c;cc;cxx;def;odl;idl;hpj;bat;asm;asmx</Extensions>
    </Filter>
    <Filter Include="Header Files">
      <UniqueIdentifier>{93995380-89BD-4b04-88EB-625FBE52EBFB}</UniqueIdentifier>
      <Extensions>h;hh;hpp;hxx;hm;inl;inc;xsd</Extensions>
    </Filter>
    <Filter Include="Resource Files">
      <UniqueIdentifier>{67DA6AB6-F800-4c08-8B7A-83BB121AAD01}</UniqueIdentifier>
      <Extensions>rc;ico;cur;bmp;dlg;rc2;rct;bin;rgs;gif;jpg;jpeg;jpe;resx;tiff;tif;png;wav;mfcribbon-ms</Extensions>
    </Filter>
    <Filter Include="Header Files\cli">
      <UniqueIdentifier>{ed564288-a14c-4fe7-aa0c-ba30ca050a34}</UniqueIdentifier>
    </Filter>
    <Filter Include="Header Files\util">
      <UniqueIdentifier>{a5009718-9718-4cc4-a296-401681ad54c8}</UniqueIdentifier>
    </Filter>
  </ItemGroup>
  <ItemGroup>
    <ClInclude Include="clasp\asp_preprocessor.h">
      <Filter>Header Files</Filter>
    </ClInclude>
    <ClInclude Include="clasp\cb_enumerator.h">
      <Filter>Header Files</Filter>
    </ClInclude>
    <ClInclude Include="clasp\clasp_facade.h">
      <Filter>Header Files</Filter>
    </ClInclude>
    <ClInclude Include="clasp\claspfwd.h">
      <Filter>Header Files</Filter>
    </ClInclude>
    <ClInclude Include="clasp\clause.h">
      <Filter>Header Files</Filter>
    </ClInclude>
    <ClInclude Include="clasp\clingo.h">
      <Filter>Header Files</Filter>
    </ClInclude>
    <ClInclude Include="clasp\constraint.h">
      <Filter>Header Files</Filter>
    </ClInclude>
    <ClInclude Include="clasp\dependency_graph.h">
      <Filter>Header Files</Filter>
    </ClInclude>
    <ClInclude Include="clasp\enumerator.h">
      <Filter>Header Files</Filter>
    </ClInclude>
    <ClInclude Include="clasp\heuristics.h">
      <Filter>Header Files</Filter>
    </ClInclude>
    <ClInclude Include="clasp\literal.h">
      <Filter>Header Files</Filter>
    </ClInclude>
    <ClInclude Include="clasp\logic_program.h">
      <Filter>Header Files</Filter>
    </ClInclude>
    <ClInclude Include="clasp\logic_program_types.h">
      <Filter>Header Files</Filter>
    </ClInclude>
    <ClInclude Include="clasp\lookahead.h">
      <Filter>Header Files</Filter>
    </ClInclude>
    <ClInclude Include="clasp\minimize_constraint.h">
      <Filter>Header Files</Filter>
    </ClInclude>
    <ClInclude Include="clasp\model_enumerators.h">
      <Filter>Header Files</Filter>
    </ClInclude>
    <ClInclude Include="clasp\parallel_solve.h">
      <Filter>Header Files</Filter>
    </ClInclude>
    <ClInclude Include="clasp\parser.h">
      <Filter>Header Files</Filter>
    </ClInclude>
    <ClInclude Include="clasp\pod_vector.h">
      <Filter>Header Files</Filter>
    </ClInclude>
    <ClInclude Include="clasp\program_builder.h">
      <Filter>Header Files</Filter>
    </ClInclude>
    <ClInclude Include="clasp\satelite.h">
      <Filter>Header Files</Filter>
    </ClInclude>
    <ClInclude Include="clasp\shared_context.h">
      <Filter>Header Files</Filter>
    </ClInclude>
    <ClInclude Include="clasp\solve_algorithms.h">
      <Filter>Header Files</Filter>
    </ClInclude>
    <ClInclude Include="clasp\solver.h">
      <Filter>Header Files</Filter>
    </ClInclude>
    <ClInclude Include="clasp\solver_strategies.h">
      <Filter>Header Files</Filter>
    </ClInclude>
    <ClInclude Include="clasp\solver_types.h">
      <Filter>Header Files</Filter>
    </ClInclude>
    <ClInclude Include="clasp\statistics.h">
      <Filter>Header Files</Filter>
    </ClInclude>
    <ClInclude Include="clasp\unfounded_check.h">
      <Filter>Header Files</Filter>
    </ClInclude>
    <ClInclude Include="clasp\weight_constraint.h">
      <Filter>Header Files</Filter>
    </ClInclude>
    <ClInclude Include="clasp\cli\clasp_options.h">
      <Filter>Header Files\cli</Filter>
    </ClInclude>
    <ClInclude Include="clasp\cli\clasp_output.h">
      <Filter>Header Files\cli</Filter>
    </ClInclude>
    <ClInclude Include="clasp\cli\clifwd.h">
      <Filter>Header Files\cli</Filter>
    </ClInclude>
    <ClInclude Include="clasp\util\atomic.h">
      <Filter>Header Files\util</Filter>
    </ClInclude>
    <ClInclude Include="clasp\util\hash_map.h">
      <Filter>Header Files\util</Filter>
    </ClInclude>
    <ClInclude Include="clasp\util\indexed_priority_queue.h">
      <Filter>Header Files\util</Filter>
    </ClInclude>
    <ClInclude Include="clasp\util\left_right_sequence.h">
      <Filter>Header Files\util</Filter>
    </ClInclude>
    <ClInclude Include="clasp\util\misc_types.h">
      <Filter>Header Files\util</Filter>
    </ClInclude>
    <ClInclude Include="clasp\util\multi_queue.h">
      <Filter>Header Files\util</Filter>
    </ClInclude>
    <ClInclude Include="clasp\util\mutex.h">
      <Filter>Header Files\util</Filter>
    </ClInclude>
    <ClInclude Include="clasp\util\platform.h">
      <Filter>Header Files\util</Filter>
    </ClInclude>
    <ClInclude Include="clasp\util\pod_vector.h">
      <Filter>Header Files\util</Filter>
    </ClInclude>
    <ClInclude Include="clasp\util\thread.h">
      <Filter>Header Files\util</Filter>
    </ClInclude>
    <ClInclude Include="clasp\util\timer.h">
      <Filter>Header Files\util</Filter>
    </ClInclude>
    <ClInclude Include="clasp\util\type_manip.h">
      <Filter>Header Files\util</Filter>
    </ClInclude>
  </ItemGroup>
  <ItemGroup>
    <None Include="clasp\cli\clasp_cli_configs.inl">
      <Filter>Header Files\cli</Filter>
    </None>
    <None Include="clasp\cli\clasp_cli_options.inl">
      <Filter>Header Files\cli</Filter>
    </None>
  </ItemGroup>
  <ItemGroup>
    <ClCompile Include="src\asp_preprocessor.cpp">
      <Filter>Source Files</Filter>
    </ClCompile>
    <ClCompile Include="src\cb_enumerator.cpp">
      <Filter>Source Files</Filter>
    </ClCompile>
    <ClCompile Include="src\clasp_facade.cpp">
      <Filter>Source Files</Filter>
    </ClCompile>
    <ClCompile Include="src\clasp_options.cpp">
      <Filter>Source Files</Filter>
    </ClCompile>
    <ClCompile Include="src\clasp_output.cpp">
      <Filter>Source Files</Filter>
    </ClCompile>
    <ClCompile Include="src\clause.cpp">
      <Filter>Source Files</Filter>
    </ClCompile>
    <ClCompile Include="src\clingo.cpp">
      <Filter>Source Files</Filter>
    </ClCompile>
    <ClCompile Include="src\constraint.cpp">
      <Filter>Source Files</Filter>
    </ClCompile>
    <ClCompile Include="src\dependency_graph.cpp">
      <Filter>Source Files</Filter>
    </ClCompile>
    <ClCompile Include="src\enumerator.cpp">
      <Filter>Source Files</Filter>
    </ClCompile>
    <ClCompile Include="src\heuristics.cpp">
      <Filter>Source Files</Filter>
    </ClCompile>
    <ClCompile Include="src\logic_program.cpp">
      <Filter>Source Files</Filter>
    </ClCompile>
    <ClCompile Include="src\logic_program_types.cpp">
      <Filter>Source Files</Filter>
    </ClCompile>
    <ClCompile Include="src\lookahead.cpp">
      <Filter>Source Files</Filter>
    </ClCompile>
    <ClCompile Include="src\minimize_constraint.cpp">
      <Filter>Source Files</Filter>
    </ClCompile>
    <ClCompile Include="src\model_enumerators.cpp">
      <Filter>Source Files</Filter>
    </ClCompile>
    <ClCompile Include="src\parallel_solve.cpp">
      <Filter>Source Files</Filter>
    </ClCompile>
    <ClCompile Include="src\parser.cpp">
      <Filter>Source Files</Filter>
    </ClCompile>
    <ClCompile Include="src\program_builder.cpp">
      <Filter>Source Files</Filter>
    </ClCompile>
    <ClCompile Include="src\satelite.cpp">
      <Filter>Source Files</Filter>
    </ClCompile>
    <ClCompile Include="src\shared_context.cpp">
      <Filter>Source Files</Filter>
    </ClCompile>
    <ClCompile Include="src\solve_algorithms.cpp">
      <Filter>Source Files</Filter>
    </ClCompile>
    <ClCompile Include="src\solver.cpp">
      <Filter>Source Files</Filter>
    </ClCompile>
    <ClCompile Include="src\solver_strategies.cpp">
      <Filter>Source Files</Filter>
    </ClCompile>
    <ClCompile Include="src\solver_types.cpp">
      <Filter>Source Files</Filter>
    </ClCompile>
    <ClCompile Include="src\statistics.cpp">
      <Filter>Source Files</Filter>
    </ClCompile>
    <ClCompile Include="src\timer.cpp">
      <Filter>Source Files</Filter>
    </ClCompile>
    <ClCompile Include="src\unfounded_check.cpp">
      <Filter>Source Files</Filter>
    </ClCompile>
    <ClCompile Include="src\weight_constraint.cpp">
      <Filter>Source Files</Filter>
    </ClCompile>
  </ItemGroup>
</Project>