<?xml version="1.0" encoding="utf-8"?>
<Project ToolsVersion="4.0" xmlns="http://schemas.microsoft.com/developer/msbuild/2003">
  <ItemGroup>
    <Filter Include="Source Files">
      <UniqueIdentifier>{4FC737F1-C7A5-4376-A066-2A32D752A2FF}</UniqueIdentifier>
      <Extensions>cpp;c;cc;cxx;def;odl;idl;hpj;bat;asm;asmx</Extensions>
    </Filter>
    <Filter Include="Header Files">
      <UniqueIdentifier>{93995380-89BD-4b04-88EB-625FBE52EBFB}</UniqueIdentifier>
      <Extensions>h;hh;hpp;hxx;hm;inl;inc;xsd</Extensions>
    </Filter>
    <Filter Include="Resource Files">
      <UniqueIdentifier>{67DA6AB6-F800-4c08-8B7A-83BB121AAD01}</UniqueIdentifier>
      <Extensions>rc;ico;cur;bmp;dlg;rc2;rct;bin;rgs;gif;jpg;jpeg;jpe;resx;tiff;tif;png;wav;mfcribbon-ms</Extensions>
    </Filter>
    <Filter Include="Header Files\gringo">
      <UniqueIdentifier>{c6dcd6fc-1144-480a-be91-0280ad69c670}</UniqueIdentifier>
    </Filter>
    <Filter Include="Header Files\gringo\ground">
      <UniqueIdentifier>{9c2d065f-e5a3-44d2-9ece-80a07c845111}</UniqueIdentifier>
    </Filter>
    <Filter Include="Header Files\gringo\input">
      <UniqueIdentifier>{20f53189-a715-4031-8cbb-4f29731d1596}</UniqueIdentifier>
    </Filter>
    <Filter Include="Header Files\gringo\output">
      <UniqueIdentifier>{21e8e1b1-d09b-490d-8eca-b846fe773cb3}</UniqueIdentifier>
    </Filter>
    <Filter Include="Source Files\input">
      <UniqueIdentifier>{26ffb8ff-0417-4414-afe2-f68a8de5cd62}</UniqueIdentifier>
    </Filter>
    <Filter Include="Source Files\ground">
      <UniqueIdentifier>{a31d9440-fc8b-4cbe-9459-3b7853dc9d17}</UniqueIdentifier>
    </Filter>
    <Filter Include="Source Files\output">
      <UniqueIdentifier>{fb2ac71e-2cea-4d89-a4e8-2a348e71168f}</UniqueIdentifier>
    </Filter>
    <Filter Include="Source Files\generated">
      <UniqueIdentifier>{e5aaf8a7-36d2-415a-b8ab-c1b82c07aa9c}</UniqueIdentifier>
    </Filter>
    <Filter Include="Source Files\generated\nongroundgrammar">
      <UniqueIdentifier>{7fb22e9d-4e2d-45fd-bc76-416e97c6197f}</UniqueIdentifier>
    </Filter>
    <Filter Include="Source Files\generated\groundtermgrammar">
      <UniqueIdentifier>{ab272ebf-a728-48fe-9228-80b9a4971fc0}</UniqueIdentifier>
    </Filter>
    <Filter Include="Header Files\generated">
      <UniqueIdentifier>{2fd361e6-9537-490a-91d5-4fed4f64fd14}</UniqueIdentifier>
    </Filter>
    <Filter Include="Header Files\generated\groundtermgrammar">
      <UniqueIdentifier>{aaee4362-47ab-453c-ba8c-56bc1cd2f1dc}</UniqueIdentifier>
    </Filter>
    <Filter Include="Header Files\generated\nongroundgrammar">
      <UniqueIdentifier>{29a02235-853a-4c75-bd74-e66a3c771faa}</UniqueIdentifier>
    </Filter>
  </ItemGroup>
  <ItemGroup>
    <ClInclude Include="..\..\libgringo\clingo.h">
      <Filter>Header Files</Filter>
    </ClInclude>
    <ClInclude Include="..\..\libgringo\gringo\backend.hh">
      <Filter>Header Files\gringo</Filter>
    </ClInclude>
    <ClInclude Include="..\..\libgringo\gringo\backtrace.hh">
      <Filter>Header Files\gringo</Filter>
    </ClInclude>
    <ClInclude Include="..\..\libgringo\gringo\base.hh">
      <Filter>Header Files\gringo</Filter>
    </ClInclude>
    <ClInclude Include="..\..\libgringo\gringo\bug.hh">
      <Filter>Header Files\gringo</Filter>
    </ClInclude>
    <ClInclude Include="..\..\libgringo\gringo\clonable.hh">
      <Filter>Header Files\gringo</Filter>
    </ClInclude>
    <ClInclude Include="..\..\libgringo\gringo\comparable.hh">
      <Filter>Header Files\gringo</Filter>
    </ClInclude>
    <ClInclude Include="..\..\libgringo\gringo\control.hh">
      <Filter>Header Files\gringo</Filter>
    </ClInclude>
    <ClInclude Include="..\..\libgringo\gringo\domain.hh">
      <Filter>Header Files\gringo</Filter>
    </ClInclude>
    <ClInclude Include="..\..\libgringo\gringo\graph.hh">
      <Filter>Header Files\gringo</Filter>
    </ClInclude>
    <ClInclude Include="..\..\libgringo\gringo\hash_set.hh">
      <Filter>Header Files\gringo</Filter>
    </ClInclude>
    <ClInclude Include="..\..\libgringo\gringo\hashable.hh">
      <Filter>Header Files\gringo</Filter>
    </ClInclude>
    <ClInclude Include="..\..\libgringo\gringo\indexed.hh">
      <Filter>Header Files\gringo</Filter>
    </ClInclude>
    <ClInclude Include="..\..\libgringo\gringo\intervals.hh">
      <Filter>Header Files\gringo</Filter>
    </ClInclude>
    <ClInclude Include="..\..\libgringo\gringo\lexerstate.hh">
      <Filter>Header Files\gringo</Filter>
    </ClInclude>
    <ClInclude Include="..\..\libgringo\gringo\locatable.hh">
      <Filter>Header Files\gringo</Filter>
    </ClInclude>
    <ClInclude Include="..\..\libgringo\gringo\logger.hh">
      <Filter>Header Files\gringo</Filter>
    </ClInclude>
    <ClInclude Include="..\..\libgringo\gringo\lua.hh">
      <Filter>Header Files\gringo</Filter>
    </ClInclude>
    <ClInclude Include="..\..\libgringo\gringo\primes.hh">
      <Filter>Header Files\gringo</Filter>
    </ClInclude>
    <ClInclude Include="..\..\libgringo\gringo\printable.hh">
      <Filter>Header Files\gringo</Filter>
    </ClInclude>
    <ClInclude Include="..\..\libgringo\gringo\python.hh">
      <Filter>Header Files\gringo</Filter>
    </ClInclude>
    <ClInclude Include="..\..\libgringo\gringo\safetycheck.hh">
      <Filter>Header Files\gringo</Filter>
    </ClInclude>
    <ClInclude Include="..\..\libgringo\gringo\scripts.hh">
      <Filter>Header Files\gringo</Filter>
    </ClInclude>
    <ClInclude Include="..\..\libgringo\gringo\symbol.hh">
      <Filter>Header Files\gringo</Filter>
    </ClInclude>
    <ClInclude Include="..\..\libgringo\gringo\term.hh">
      <Filter>Header Files\gringo</Filter>
    </ClInclude>
    <ClInclude Include="..\..\libgringo\gringo\terms.hh">
      <Filter>Header Files\gringo</Filter>
    </ClInclude>
    <ClInclude Include="..\..\libgringo\gringo\types.hh">
      <Filter>Header Files\gringo</Filter>
    </ClInclude>
    <ClInclude Include="..\..\libgringo\gringo\utility.hh">
      <Filter>Header Files\gringo</Filter>
    </ClInclude>
    <ClInclude Include="..\..\libgringo\gringo\version.hh">
      <Filter>Header Files\gringo</Filter>
    </ClInclude>
    <ClInclude Include="..\..\libgringo\gringo\ground\binders.hh">
      <Filter>Header Files\gringo\ground</Filter>
    </ClInclude>
    <ClInclude Include="..\..\libgringo\gringo\ground\dependency.hh">
      <Filter>Header Files\gringo\ground</Filter>
    </ClInclude>
    <ClInclude Include="..\..\libgringo\gringo\ground\instantiation.hh">
      <Filter>Header Files\gringo\ground</Filter>
    </ClInclude>
    <ClInclude Include="..\..\libgringo\gringo\ground\literal.hh">
      <Filter>Header Files\gringo\ground</Filter>
    </ClInclude>
    <ClInclude Include="..\..\libgringo\gringo\ground\literals.hh">
      <Filter>Header Files\gringo\ground</Filter>
    </ClInclude>
    <ClInclude Include="..\..\libgringo\gringo\ground\program.hh">
      <Filter>Header Files\gringo\ground</Filter>
    </ClInclude>
    <ClInclude Include="..\..\libgringo\gringo\ground\statement.hh">
      <Filter>Header Files\gringo\ground</Filter>
    </ClInclude>
    <ClInclude Include="..\..\libgringo\gringo\ground\statements.hh">
      <Filter>Header Files\gringo\ground</Filter>
    </ClInclude>
    <ClInclude Include="..\..\libgringo\gringo\ground\types.hh">
      <Filter>Header Files\gringo\ground</Filter>
    </ClInclude>
    <ClInclude Include="..\..\libgringo\gringo\input\aggregate.hh">
      <Filter>Header Files\gringo\input</Filter>
    </ClInclude>
    <ClInclude Include="..\..\libgringo\gringo\input\aggregates.hh">
      <Filter>Header Files\gringo\input</Filter>
    </ClInclude>
    <ClInclude Include="..\..\libgringo\gringo\input\groundtermparser.hh">
      <Filter>Header Files\gringo\input</Filter>
    </ClInclude>
    <ClInclude Include="..\..\libgringo\gringo\input\literal.hh">
      <Filter>Header Files\gringo\input</Filter>
    </ClInclude>
    <ClInclude Include="..\..\libgringo\gringo\input\literals.hh">
      <Filter>Header Files\gringo\input</Filter>
    </ClInclude>
    <ClInclude Include="..\..\libgringo\gringo\input\nongroundparser.hh">
      <Filter>Header Files\gringo\input</Filter>
    </ClInclude>
    <ClInclude Include="..\..\libgringo\gringo\input\program.hh">
      <Filter>Header Files\gringo\input</Filter>
    </ClInclude>
    <ClInclude Include="..\..\libgringo\gringo\input\programbuilder.hh">
      <Filter>Header Files\gringo\input</Filter>
    </ClInclude>
    <ClInclude Include="..\..\libgringo\gringo\input\statement.hh">
      <Filter>Header Files\gringo\input</Filter>
    </ClInclude>
    <ClInclude Include="..\..\libgringo\gringo\input\theory.hh">
      <Filter>Header Files\gringo\input</Filter>
    </ClInclude>
    <ClInclude Include="..\..\libgringo\gringo\input\types.hh">
      <Filter>Header Files\gringo\input</Filter>
    </ClInclude>
    <ClInclude Include="..\..\libgringo\gringo\output\aggregates.hh">
      <Filter>Header Files\gringo\output</Filter>
    </ClInclude>
    <ClInclude Include="..\..\libgringo\gringo\output\backends.hh">
      <Filter>Header Files\gringo\output</Filter>
    </ClInclude>
    <ClInclude Include="..\..\libgringo\gringo\output\literal.hh">
      <Filter>Header Files\gringo\output</Filter>
    </ClInclude>
    <ClInclude Include="..\..\libgringo\gringo\output\literals.hh">
      <Filter>Header Files\gringo\output</Filter>
    </ClInclude>
    <ClInclude Include="..\..\libgringo\gringo\output\output.hh">
      <Filter>Header Files\gringo\output</Filter>
    </ClInclude>
    <ClInclude Include="..\..\libgringo\gringo\output\statement.hh">
      <Filter>Header Files\gringo\output</Filter>
    </ClInclude>
    <ClInclude Include="..\..\libgringo\gringo\output\statements.hh">
      <Filter>Header Files\gringo\output</Filter>
    </ClInclude>
    <ClInclude Include="..\..\libgringo\gringo\output\theory.hh">
      <Filter>Header Files\gringo\output</Filter>
    </ClInclude>
    <ClInclude Include="..\..\libgringo\gringo\output\types.hh">
      <Filter>Header Files\gringo\output</Filter>
    </ClInclude>
    <ClInclude Include="..\..\libgringo\generated\input\nongroundgrammar\grammar.hh">
      <Filter>Header Files\generated\nongroundgrammar</Filter>
    </ClInclude>
    <ClInclude Include="..\..\libgringo\generated\input\nongroundgrammar\location.hh">
      <Filter>Header Files\generated\nongroundgrammar</Filter>
    </ClInclude>
    <ClInclude Include="..\..\libgringo\generated\input\nongroundgrammar\position.hh">
      <Filter>Header Files\generated\nongroundgrammar</Filter>
    </ClInclude>
    <ClInclude Include="..\..\libgringo\generated\input\nongroundgrammar\stack.hh">
      <Filter>Header Files\generated\nongroundgrammar</Filter>
    </ClInclude>
    <ClInclude Include="..\..\libgringo\generated\input\groundtermgrammar\grammar.hh">
      <Filter>Header Files\generated\groundtermgrammar</Filter>
    </ClInclude>
    <ClInclude Include="..\..\libgringo\generated\input\groundtermgrammar\location.hh">
      <Filter>Header Files\generated\groundtermgrammar</Filter>
    </ClInclude>
    <ClInclude Include="..\..\libgringo\generated\input\groundtermgrammar\position.hh">
      <Filter>Header Files\generated\groundtermgrammar</Filter>
    </ClInclude>
    <ClInclude Include="..\..\libgringo\generated\input\groundtermgrammar\stack.hh">
      <Filter>Header Files\generated\groundtermgrammar</Filter>
    </ClInclude>
  </ItemGroup>
  <ItemGroup>
    <ClCompile Include="..\..\libgringo\src\backend.cc">
      <Filter>Source Files</Filter>
    </ClCompile>
    <ClCompile Include="..\..\libgringo\src\control.cc">
      <Filter>Source Files</Filter>
    </ClCompile>
    <ClCompile Include="..\..\libgringo\src\lua.cc">
      <Filter>Source Files</Filter>
    </ClCompile>
    <ClCompile Include="..\..\libgringo\src\primes.cc">
      <Filter>Source Files</Filter>
    </ClCompile>
    <ClCompile Include="..\..\libgringo\src\python.cc">
      <Filter>Source Files</Filter>
    </ClCompile>
    <ClCompile Include="..\..\libgringo\src\scripts.cc">
      <Filter>Source Files</Filter>
    </ClCompile>
    <ClCompile Include="..\..\libgringo\src\symbol.cc">
      <Filter>Source Files</Filter>
    </ClCompile>
    <ClCompile Include="..\..\libgringo\src\term.cc">
      <Filter>Source Files</Filter>
    </ClCompile>
    <ClCompile Include="..\..\libgringo\src\terms.cc">
      <Filter>Source Files</Filter>
    </ClCompile>
    <ClCompile Include="..\..\libgringo\src\output\aggregates.cc">
      <Filter>Source Files\output</Filter>
    </ClCompile>
    <ClCompile Include="..\..\libgringo\src\output\literal.cc">
      <Filter>Source Files\output</Filter>
    </ClCompile>
    <ClCompile Include="..\..\libgringo\src\output\literals.cc">
      <Filter>Source Files\output</Filter>
    </ClCompile>
    <ClCompile Include="..\..\libgringo\src\output\output.cc">
      <Filter>Source Files\output</Filter>
    </ClCompile>
    <ClCompile Include="..\..\libgringo\src\output\statement.cc">
      <Filter>Source Files\output</Filter>
    </ClCompile>
    <ClCompile Include="..\..\libgringo\src\output\statements.cc">
      <Filter>Source Files\output</Filter>
    </ClCompile>
    <ClCompile Include="..\..\libgringo\src\output\theory.cc">
      <Filter>Source Files\output</Filter>
    </ClCompile>
    <ClCompile Include="..\..\libgringo\src\ground\instantiation.cc">
      <Filter>Source Files\ground</Filter>
    </ClCompile>
    <ClCompile Include="..\..\libgringo\src\ground\literals.cc">
      <Filter>Source Files\ground</Filter>
    </ClCompile>
    <ClCompile Include="..\..\libgringo\src\ground\program.cc">
      <Filter>Source Files\ground</Filter>
    </ClCompile>
    <ClCompile Include="..\..\libgringo\src\ground\statements.cc">
      <Filter>Source Files\ground</Filter>
    </ClCompile>
    <ClCompile Include="..\..\libgringo\src\input\aggregate.cc">
      <Filter>Source Files\input</Filter>
    </ClCompile>
    <ClCompile Include="..\..\libgringo\src\input\aggregates.cc">
      <Filter>Source Files\input</Filter>
    </ClCompile>
    <ClCompile Include="..\..\libgringo\src\input\groundtermparser.cc">
      <Filter>Source Files\input</Filter>
    </ClCompile>
    <ClCompile Include="..\..\libgringo\src\input\literal.cc">
      <Filter>Source Files\input</Filter>
    </ClCompile>
    <ClCompile Include="..\..\libgringo\src\input\literals.cc">
      <Filter>Source Files\input</Filter>
    </ClCompile>
    <ClCompile Include="..\..\libgringo\src\input\nongroundparser.cc">
      <Filter>Source Files\input</Filter>
    </ClCompile>
    <ClCompile Include="..\..\libgringo\src\input\program.cc">
      <Filter>Source Files\input</Filter>
    </ClCompile>
    <ClCompile Include="..\..\libgringo\src\input\programbuilder.cc">
      <Filter>Source Files\input</Filter>
    </ClCompile>
    <ClCompile Include="..\..\libgringo\src\input\statement.cc">
      <Filter>Source Files\input</Filter>
    </ClCompile>
    <ClCompile Include="..\..\libgringo\src\input\theory.cc">
      <Filter>Source Files\input</Filter>
    </ClCompile>
    <ClCompile Include="..\..\libgringo\generated\input\groundtermgrammar\grammar.cc">
      <Filter>Source Files\generated\groundtermgrammar</Filter>
    </ClCompile>
    <ClCompile Include="..\..\libgringo\generated\input\nongroundgrammar\grammar.cc">
      <Filter>Source Files\generated\nongroundgrammar</Filter>
    </ClCompile>
  </ItemGroup>
</Project>