
Microsoft Visual Studio Solution File, Format Version 12.00
# Visual Studio 14
VisualStudioVersion = 14.0.25420.1
MinimumVisualStudioVersion = 10.0.40219.1
Project("{8BC9CEB8-8B4A-11D0-8D11-00A0C91BC942}") = "libprogram_opts", "build_vc\libprogram_opts\libprogram_opts.vcxproj", "{8C91075D-9D4D-444C-AE99-7C4729923CE3}"
EndProject
Project("{8BC9CEB8-8B4A-11D0-8D11-00A0C91BC942}") = "liblp", "build_vc\liblp\liblp.vcxproj", "{E9F0528B-E4F3-4AD6-8990-A421441E105D}"
EndProject
Project("{8BC9CEB8-8B4A-11D0-8D11-00A0C91BC942}") = "libclasp", "build_vc\libclasp\libclasp.vcxproj", "{CA514A45-CF11-42D6-95C8-B922EFCDC8DF}"
	ProjectSection(ProjectDependencies) = postProject
		{8C91075D-9D4D-444C-AE99-7C4729923CE3} = {8C91075D-9D4D-444C-AE99-7C4729923CE3}
		{E9F0528B-E4F3-4AD6-8990-A421441E105D} = {E9F0528B-E4F3-4AD6-8990-A421441E105D}
	EndProjectSection
EndProject
Project("{8BC9CEB8-8B4A-11D0-8D11-00A0C91BC942}") = "libgringo", "build_vc\libgringo\libgringo.vcxproj", "{AB069C4F-DA65-4D48-9D54-D555C5D2A046}"
EndProject
Project("{8BC9CEB8-8B4A-11D0-8D11-00A0C91BC942}") = "libreify", "build_vc\libreify\libreify.vcxproj", "{F921F59E-B489-4866-8A42-1EAB348E9D41}"
EndProject
Project("{8BC9CEB8-8B4A-11D0-8D11-00A0C91BC942}") = "libclingo", "build_vc\libclingo\libclingo.vcxproj", "{468B6CA6-50FA-4DE0-BD2B-E093C1CBDD53}"
EndProject
Project("{8BC9CEB8-8B4A-11D0-8D11-00A0C91BC942}") = "clingo", "build_vc\clingo\clingo.vcxproj", "{03B6F660-EF04-49CF-90ED-BEF8ABB56F02}"
EndProject
Project("{8BC9CEB8-8B4A-11D0-8D11-00A0C91BC942}") = "pyclingo", "build_vc\pyclingo\pyclingo.vcxproj", "{FFC3A214-2C98-4F53-AD78-811F7A3D2CFF}"
EndProject
Project("{8BC9CEB8-8B4A-11D0-8D11-00A0C91BC942}") = "test_libgringo", "build_vc\test_libgringo\test_libgringo.vcxproj", "{F5FBE1A9-1CC1-453E-86FE-695548B80830}"
EndProject
Global
	GlobalSection(SolutionConfigurationPlatforms) = preSolution
		Debug|x64 = Debug|x64
		Debug|x86 = Debug|x86
		DebugScript|x64 = DebugScript|x64
		DebugScript|x86 = DebugScript|x86
		Release|x64 = Release|x64
		Release|x86 = Release|x86
		ReleaseScript|x64 = ReleaseScript|x64
		ReleaseScript|x86 = ReleaseScript|x86
	EndGlobalSection
	GlobalSection(ProjectConfigurationPlatforms) = postSolution
		{8C91075D-9D4D-444C-AE99-7C4729923CE3}.Debug|x64.ActiveCfg = Debug|x64
		{8C91075D-9D4D-444C-AE99-7C4729923CE3}.Debug|x64.Build.0 = Debug|x64
		{8C91075D-9D4D-444C-AE99-7C4729923CE3}.Debug|x86.ActiveCfg = Debug|Win32
		{8C91075D-9D4D-444C-AE99-7C4729923CE3}.Debug|x86.Build.0 = Debug|Win32
		{8C91075D-9D4D-444C-AE99-7C4729923CE3}.DebugScript|x64.ActiveCfg = Debug|x64
		{8C91075D-9D4D-444C-AE99-7C4729923CE3}.DebugScript|x64.Build.0 = Debug|x64
		{8C91075D-9D4D-444C-AE99-7C4729923CE3}.DebugScript|x86.ActiveCfg = Debug|Win32
		{8C91075D-9D4D-444C-AE99-7C4729923CE3}.DebugScript|x86.Build.0 = Debug|Win32
		{8C91075D-9D4D-444C-AE99-7C4729923CE3}.Release|x64.ActiveCfg = Release|x64
		{8C91075D-9D4D-444C-AE99-7C4729923CE3}.Release|x64.Build.0 = Release|x64
		{8C91075D-9D4D-444C-AE99-7C4729923CE3}.Release|x86.ActiveCfg = Release|Win32
		{8C91075D-9D4D-444C-AE99-7C4729923CE3}.Release|x86.Build.0 = Release|Win32
		{8C91075D-9D4D-444C-AE99-7C4729923CE3}.ReleaseScript|x64.ActiveCfg = ReleaseScript|x64
		{8C91075D-9D4D-444C-AE99-7C4729923CE3}.ReleaseScript|x64.Build.0 = ReleaseScript|x64
		{8C91075D-9D4D-444C-AE99-7C4729923CE3}.ReleaseScript|x86.ActiveCfg = ReleaseScript|Win32
		{8C91075D-9D4D-444C-AE99-7C4729923CE3}.ReleaseScript|x86.Build.0 = ReleaseScript|Win32
		{E9F0528B-E4F3-4AD6-8990-A421441E105D}.Debug|x64.ActiveCfg = Debug|x64
		{E9F0528B-E4F3-4AD6-8990-A421441E105D}.Debug|x64.Build.0 = Debug|x64
		{E9F0528B-E4F3-4AD6-8990-A421441E105D}.Debug|x86.ActiveCfg = Debug|Win32
		{E9F0528B-E4F3-4AD6-8990-A421441E105D}.Debug|x86.Build.0 = Debug|Win32
		{E9F0528B-E4F3-4AD6-8990-A421441E105D}.DebugScript|x64.ActiveCfg = Debug|x64
		{E9F0528B-E4F3-4AD6-8990-A421441E105D}.DebugScript|x64.Build.0 = Debug|x64
		{E9F0528B-E4F3-4AD6-8990-A421441E105D}.DebugScript|x86.ActiveCfg = Debug|Win32
		{E9F0528B-E4F3-4AD6-8990-A421441E105D}.DebugScript|x86.Build.0 = Debug|Win32
		{E9F0528B-E4F3-4AD6-8990-A421441E105D}.Release|x64.ActiveCfg = Release|x64
		{E9F0528B-E4F3-4AD6-8990-A421441E105D}.Release|x64.Build.0 = Release|x64
		{E9F0528B-E4F3-4AD6-8990-A421441E105D}.Release|x86.ActiveCfg = Release|Win32
		{E9F0528B-E4F3-4AD6-8990-A421441E105D}.Release|x86.Build.0 = Release|Win32
		{E9F0528B-E4F3-4AD6-8990-A421441E105D}.ReleaseScript|x64.ActiveCfg = ReleaseScript|x64
		{E9F0528B-E4F3-4AD6-8990-A421441E105D}.ReleaseScript|x64.Build.0 = ReleaseScript|x64
		{E9F0528B-E4F3-4AD6-8990-A421441E105D}.ReleaseScript|x86.ActiveCfg = ReleaseScript|Win32
		{E9F0528B-E4F3-4AD6-8990-A421441E105D}.ReleaseScript|x86.Build.0 = ReleaseScript|Win32
		{CA514A45-CF11-42D6-95C8-B922EFCDC8DF}.Debug|x64.ActiveCfg = Debug|x64
		{CA514A45-CF11-42D6-95C8-B922EFCDC8DF}.Debug|x64.Build.0 = Debug|x64
		{CA514A45-CF11-42D6-95C8-B922EFCDC8DF}.Debug|x86.ActiveCfg = Debug|Win32
		{CA514A45-CF11-42D6-95C8-B922EFCDC8DF}.Debug|x86.Build.0 = Debug|Win32
		{CA514A45-CF11-42D6-95C8-B922EFCDC8DF}.DebugScript|x64.ActiveCfg = Debug|x64
		{CA514A45-CF11-42D6-95C8-B922EFCDC8DF}.DebugScript|x64.Build.0 = Debug|x64
		{CA514A45-CF11-42D6-95C8-B922EFCDC8DF}.DebugScript|x86.ActiveCfg = Debug|Win32
		{CA514A45-CF11-42D6-95C8-B922EFCDC8DF}.DebugScript|x86.Build.0 = Debug|Win32
		{CA514A45-CF11-42D6-95C8-B922EFCDC8DF}.Release|x64.ActiveCfg = Release|x64
		{CA514A45-CF11-42D6-95C8-B922EFCDC8DF}.Release|x64.Build.0 = Release|x64
		{CA514A45-CF11-42D6-95C8-B922EFCDC8DF}.Release|x86.ActiveCfg = Release|Win32
		{CA514A45-CF11-42D6-95C8-B922EFCDC8DF}.Release|x86.Build.0 = Release|Win32
		{CA514A45-CF11-42D6-95C8-B922EFCDC8DF}.ReleaseScript|x64.ActiveCfg = ReleaseScript|x64
		{CA514A45-CF11-42D6-95C8-B922EFCDC8DF}.ReleaseScript|x64.Build.0 = ReleaseScript|x64
		{CA514A45-CF11-42D6-95C8-B922EFCDC8DF}.ReleaseScript|x86.ActiveCfg = ReleaseScript|Win32
		{CA514A45-CF11-42D6-95C8-B922EFCDC8DF}.ReleaseScript|x86.Build.0 = ReleaseScript|Win32
		{AB069C4F-DA65-4D48-9D54-D555C5D2A046}.Debug|x64.ActiveCfg = Debug|x64
		{AB069C4F-DA65-4D48-9D54-D555C5D2A046}.Debug|x64.Build.0 = Debug|x64
		{AB069C4F-DA65-4D48-9D54-D555C5D2A046}.Debug|x86.ActiveCfg = Debug|Win32
		{AB069C4F-DA65-4D48-9D54-D555C5D2A046}.Debug|x86.Build.0 = Debug|Win32
		{AB069C4F-DA65-4D48-9D54-D555C5D2A046}.DebugScript|x64.ActiveCfg = Debug|x64
		{AB069C4F-DA65-4D48-9D54-D555C5D2A046}.DebugScript|x64.Build.0 = Debug|x64
		{AB069C4F-DA65-4D48-9D54-D555C5D2A046}.DebugScript|x86.ActiveCfg = Debug|Win32
		{AB069C4F-DA65-4D48-9D54-D555C5D2A046}.DebugScript|x86.Build.0 = Debug|Win32
		{AB069C4F-DA65-4D48-9D54-D555C5D2A046}.Release|x64.ActiveCfg = Release|x64
		{AB069C4F-DA65-4D48-9D54-D555C5D2A046}.Release|x64.Build.0 = Release|x64
		{AB069C4F-DA65-4D48-9D54-D555C5D2A046}.Release|x86.ActiveCfg = Release|Win32
		{AB069C4F-DA65-4D48-9D54-D555C5D2A046}.Release|x86.Build.0 = Release|Win32
		{AB069C4F-DA65-4D48-9D54-D555C5D2A046}.ReleaseScript|x64.ActiveCfg = ReleaseScript|x64
		{AB069C4F-DA65-4D48-9D54-D555C5D2A046}.ReleaseScript|x64.Build.0 = ReleaseScript|x64
		{AB069C4F-DA65-4D48-9D54-D555C5D2A046}.ReleaseScript|x86.ActiveCfg = ReleaseScript|Win32
		{AB069C4F-DA65-4D48-9D54-D555C5D2A046}.ReleaseScript|x86.Build.0 = ReleaseScript|Win32
		{F921F59E-B489-4866-8A42-1EAB348E9D41}.Debug|x64.ActiveCfg = Debug|x64
		{F921F59E-B489-4866-8A42-1EAB348E9D41}.Debug|x64.Build.0 = Debug|x64
		{F921F59E-B489-4866-8A42-1EAB348E9D41}.Debug|x86.ActiveCfg = Debug|Win32
		{F921F59E-B489-4866-8A42-1EAB348E9D41}.Debug|x86.Build.0 = Debug|Win32
		{F921F59E-B489-4866-8A42-1EAB348E9D41}.DebugScript|x64.ActiveCfg = Debug|x64
		{F921F59E-B489-4866-8A42-1EAB348E9D41}.DebugScript|x64.Build.0 = Debug|x64
		{F921F59E-B489-4866-8A42-1EAB348E9D41}.DebugScript|x86.ActiveCfg = Debug|Win32
		{F921F59E-B489-4866-8A42-1EAB348E9D41}.DebugScript|x86.Build.0 = Debug|Win32
		{F921F59E-B489-4866-8A42-1EAB348E9D41}.Release|x64.ActiveCfg = Release|x64
		{F921F59E-B489-4866-8A42-1EAB348E9D41}.Release|x64.Build.0 = Release|x64
		{F921F59E-B489-4866-8A42-1EAB348E9D41}.Release|x86.ActiveCfg = Release|Win32
		{F921F59E-B489-4866-8A42-1EAB348E9D41}.Release|x86.Build.0 = Release|Win32
		{F921F59E-B489-4866-8A42-1EAB348E9D41}.ReleaseScript|x64.ActiveCfg = ReleaseScript|x64
		{F921F59E-B489-4866-8A42-1EAB348E9D41}.ReleaseScript|x64.Build.0 = ReleaseScript|x64
		{F921F59E-B489-4866-8A42-1EAB348E9D41}.ReleaseScript|x86.ActiveCfg = ReleaseScript|Win32
		{F921F59E-B489-4866-8A42-1EAB348E9D41}.ReleaseScript|x86.Build.0 = ReleaseScript|Win32
		{468B6CA6-50FA-4DE0-BD2B-E093C1CBDD53}.Debug|x64.ActiveCfg = Debug|x64
		{468B6CA6-50FA-4DE0-BD2B-E093C1CBDD53}.Debug|x64.Build.0 = Debug|x64
		{468B6CA6-50FA-4DE0-BD2B-E093C1CBDD53}.Debug|x86.ActiveCfg = Debug|Win32
		{468B6CA6-50FA-4DE0-BD2B-E093C1CBDD53}.Debug|x86.Build.0 = Debug|Win32
		{468B6CA6-50FA-4DE0-BD2B-E093C1CBDD53}.DebugScript|x64.ActiveCfg = Debug|x64
		{468B6CA6-50FA-4DE0-BD2B-E093C1CBDD53}.DebugScript|x64.Build.0 = Debug|x64
		{468B6CA6-50FA-4DE0-BD2B-E093C1CBDD53}.DebugScript|x86.ActiveCfg = Debug|Win32
		{468B6CA6-50FA-4DE0-BD2B-E093C1CBDD53}.DebugScript|x86.Build.0 = Debug|Win32
		{468B6CA6-50FA-4DE0-BD2B-E093C1CBDD53}.Release|x64.ActiveCfg = Release|x64
		{468B6CA6-50FA-4DE0-BD2B-E093C1CBDD53}.Release|x64.Build.0 = Release|x64
		{468B6CA6-50FA-4DE0-BD2B-E093C1CBDD53}.Release|x86.ActiveCfg = Release|Win32
		{468B6CA6-50FA-4DE0-BD2B-E093C1CBDD53}.Release|x86.Build.0 = Release|Win32
		{468B6CA6-50FA-4DE0-BD2B-E093C1CBDD53}.ReleaseScript|x64.ActiveCfg = ReleaseScript|x64
		{468B6CA6-50FA-4DE0-BD2B-E093C1CBDD53}.ReleaseScript|x64.Build.0 = ReleaseScript|x64
		{468B6CA6-50FA-4DE0-BD2B-E093C1CBDD53}.ReleaseScript|x86.ActiveCfg = ReleaseScript|Win32
		{468B6CA6-50FA-4DE0-BD2B-E093C1CBDD53}.ReleaseScript|x86.Build.0 = ReleaseScript|Win32
		{03B6F660-EF04-49CF-90ED-BEF8ABB56F02}.Debug|x64.ActiveCfg = Debug|x64
		{03B6F660-EF04-49CF-90ED-BEF8ABB56F02}.Debug|x64.Build.0 = Debug|x64
		{03B6F660-EF04-49CF-90ED-BEF8ABB56F02}.Debug|x86.ActiveCfg = Debug|Win32
		{03B6F660-EF04-49CF-90ED-BEF8ABB56F02}.Debug|x86.Build.0 = Debug|Win32
		{03B6F660-EF04-49CF-90ED-BEF8ABB56F02}.DebugScript|x64.ActiveCfg = Debug|x64
		{03B6F660-EF04-49CF-90ED-BEF8ABB56F02}.DebugScript|x64.Build.0 = Debug|x64
		{03B6F660-EF04-49CF-90ED-BEF8ABB56F02}.DebugScript|x86.ActiveCfg = Debug|Win32
		{03B6F660-EF04-49CF-90ED-BEF8ABB56F02}.DebugScript|x86.Build.0 = Debug|Win32
		{03B6F660-EF04-49CF-90ED-BEF8ABB56F02}.Release|x64.ActiveCfg = Release|x64
		{03B6F660-EF04-49CF-90ED-BEF8ABB56F02}.Release|x64.Build.0 = Release|x64
		{03B6F660-EF04-49CF-90ED-BEF8ABB56F02}.Release|x86.ActiveCfg = Release|Win32
		{03B6F660-EF04-49CF-90ED-BEF8ABB56F02}.Release|x86.Build.0 = Release|Win32
		{03B6F660-EF04-49CF-90ED-BEF8ABB56F02}.ReleaseScript|x64.ActiveCfg = ReleaseScript|x64
		{03B6F660-EF04-49CF-90ED-BEF8ABB56F02}.ReleaseScript|x64.Build.0 = ReleaseScript|x64
		{03B6F660-EF04-49CF-90ED-BEF8ABB56F02}.ReleaseScript|x86.ActiveCfg = ReleaseScript|Win32
		{03B6F660-EF04-49CF-90ED-BEF8ABB56F02}.ReleaseScript|x86.Build.0 = ReleaseScript|Win32
		{FFC3A214-2C98-4F53-AD78-811F7A3D2CFF}.Debug|x64.ActiveCfg = ReleaseScript|x64
		{FFC3A214-2C98-4F53-AD78-811F7A3D2CFF}.Debug|x64.Build.0 = ReleaseScript|x64
		{FFC3A214-2C98-4F53-AD78-811F7A3D2CFF}.Debug|x86.ActiveCfg = ReleaseScript|Win32
		{FFC3A214-2C98-4F53-AD78-811F7A3D2CFF}.Debug|x86.Build.0 = ReleaseScript|Win32
		{FFC3A214-2C98-4F53-AD78-811F7A3D2CFF}.DebugScript|x64.ActiveCfg = ReleaseScript|x64
		{FFC3A214-2C98-4F53-AD78-811F7A3D2CFF}.DebugScript|x64.Build.0 = ReleaseScript|x64
		{FFC3A214-2C98-4F53-AD78-811F7A3D2CFF}.DebugScript|x86.ActiveCfg = ReleaseScript|Win32
		{FFC3A214-2C98-4F53-AD78-811F7A3D2CFF}.DebugScript|x86.Build.0 = ReleaseScript|Win32
		{FFC3A214-2C98-4F53-AD78-811F7A3D2CFF}.Release|x64.ActiveCfg = ReleaseScript|x64
		{FFC3A214-2C98-4F53-AD78-811F7A3D2CFF}.Release|x86.ActiveCfg = ReleaseScript|Win32
		{FFC3A214-2C98-4F53-AD78-811F7A3D2CFF}.ReleaseScript|x64.ActiveCfg = ReleaseScript|x64
		{FFC3A214-2C98-4F53-AD78-811F7A3D2CFF}.ReleaseScript|x64.Build.0 = ReleaseScript|x64
		{FFC3A214-2C98-4F53-AD78-811F7A3D2CFF}.ReleaseScript|x86.ActiveCfg = ReleaseScript|Win32
		{FFC3A214-2C98-4F53-AD78-811F7A3D2CFF}.ReleaseScript|x86.Build.0 = ReleaseScript|Win32
		{F5FBE1A9-1CC1-453E-86FE-695548B80830}.Debug|x64.ActiveCfg = Debug|x64
		{F5FBE1A9-1CC1-453E-86FE-695548B80830}.Debug|x64.Build.0 = Debug|x64
		{F5FBE1A9-1CC1-453E-86FE-695548B80830}.Debug|x86.ActiveCfg = Debug|Win32
		{F5FBE1A9-1CC1-453E-86FE-695548B80830}.Debug|x86.Build.0 = Debug|Win32
		{F5FBE1A9-1CC1-453E-86FE-695548B80830}.DebugScript|x64.ActiveCfg = Debug|x64
		{F5FBE1A9-1CC1-453E-86FE-695548B80830}.DebugScript|x64.Build.0 = Debug|x64
		{F5FBE1A9-1CC1-453E-86FE-695548B80830}.DebugScript|x86.ActiveCfg = Debug|Win32
		{F5FBE1A9-1CC1-453E-86FE-695548B80830}.DebugScript|x86.Build.0 = Debug|Win32
		{F5FBE1A9-1CC1-453E-86FE-695548B80830}.Release|x64.ActiveCfg = Release|x64
		{F5FBE1A9-1CC1-453E-86FE-695548B80830}.Release|x64.Build.0 = Release|x64
		{F5FBE1A9-1CC1-453E-86FE-695548B80830}.Release|x86.ActiveCfg = Release|Win32
		{F5FBE1A9-1CC1-453E-86FE-695548B80830}.Release|x86.Build.0 = Release|Win32
		{F5FBE1A9-1CC1-453E-86FE-695548B80830}.ReleaseScript|x64.ActiveCfg = ReleaseScript|x64
		{F5FBE1A9-1CC1-453E-86FE-695548B80830}.ReleaseScript|x64.Build.0 = ReleaseScript|x64
		{F5FBE1A9-1CC1-453E-86FE-695548B80830}.ReleaseScript|x86.ActiveCfg = ReleaseScript|Win32
		{F5FBE1A9-1CC1-453E-86FE-695548B80830}.ReleaseScript|x86.Build.0 = ReleaseScript|Win32
	EndGlobalSection
	GlobalSection(SolutionProperties) = preSolution
		HideSolutionNode = FALSE
	EndGlobalSection
EndGlobal
