
Microsoft Visual Studio Solution File, Format Version 12.00
# Visual Studio 2013
VisualStudioVersion = 12.0.40629.0
MinimumVisualStudioVersion = 10.0.40219.1
Project("{8BC9CEB8-8B4A-11D0-8D11-00A0C91BC942}") = "liblp", "liblp\liblp.vcxproj", "{B1BAEA9F-F729-468D-9412-0952584F8253}"
EndProject
Project("{8BC9CEB8-8B4A-11D0-8D11-00A0C91BC942}") = "test", "test\test.vcxproj", "{F3DE9307-4CA5-48BC-B4FD-115FCB75C119}"
	ProjectSection(ProjectDependencies) = postProject
		{B1BAEA9F-F729-468D-9412-0952584F8253} = {B1BAEA9F-F729-468D-9412-0952584F8253}
	EndProjectSection
EndProject
Project("{8BC9CEB8-8B4A-11D0-8D11-00A0C91BC942}") = "libprogram_opts", "libprogram_opts\libprogram_opts.vcxproj", "{27994F8B-23C4-410B-A719-C6A8294F8705}"
EndProject
Project("{8BC9CEB8-8B4A-11D0-8D11-00A0C91BC942}") = "app", "app\app.vcxproj", "{CBAA3E0E-841E-496A-AC78-DACA3E1615A8}"
	ProjectSection(ProjectDependencies) = postProject
		{27994F8B-23C4-410B-A719-C6A8294F8705} = {27994F8B-23C4-410B-A719-C6A8294F8705}
		{B1BAEA9F-F729-468D-9412-0952584F8253} = {B1BAEA9F-F729-468D-9412-0952584F8253}
	EndProjectSection
EndProject
Global
	GlobalSection(SolutionConfigurationPlatforms) = preSolution
		Debug|Win32 = Debug|Win32
		Release|Win32 = Release|Win32
	EndGlobalSection
	GlobalSection(ProjectConfigurationPlatforms) = postSolution
		{B1BAEA9F-F729-468D-9412-0952584F8253}.Debug|Win32.ActiveCfg = Debug|Win32
		{B1BAEA9F-F729-468D-9412-0952584F8253}.Debug|Win32.Build.0 = Debug|Win32
		{B1BAEA9F-F729-468D-9412-0952584F8253}.Release|Win32.ActiveCfg = Release|Win32
		{B1BAEA9F-F729-468D-9412-0952584F8253}.Release|Win32.Build.0 = Release|Win32
		{F3DE9307-4CA5-48BC-B4FD-115FCB75C119}.Debug|Win32.ActiveCfg = Debug|Win32
		{F3DE9307-4CA5-48BC-B4FD-115FCB75C119}.Debug|Win32.Build.0 = Debug|Win32
		{F3DE9307-4CA5-48BC-B4FD-115FCB75C119}.Release|Win32.ActiveCfg = Release|Win32
		{F3DE9307-4CA5-48BC-B4FD-115FCB75C119}.Release|Win32.Build.0 = Release|Win32
		{27994F8B-23C4-410B-A719-C6A8294F8705}.Debug|Win32.ActiveCfg = Debug|Win32
		{27994F8B-23C4-410B-A719-C6A8294F8705}.Debug|Win32.Build.0 = Debug|Win32
		{27994F8B-23C4-410B-A719-C6A8294F8705}.Release|Win32.ActiveCfg = Release|Win32
		{27994F8B-23C4-410B-A719-C6A8294F8705}.Release|Win32.Build.0 = Release|Win32
		{CBAA3E0E-841E-496A-AC78-DACA3E1615A8}.Debug|Win32.ActiveCfg = Debug|Win32
		{CBAA3E0E-841E-496A-AC78-DACA3E1615A8}.Debug|Win32.Build.0 = Debug|Win32
		{CBAA3E0E-841E-496A-AC78-DACA3E1615A8}.Release|Win32.ActiveCfg = Release|Win32
		{CBAA3E0E-841E-496A-AC78-DACA3E1615A8}.Release|Win32.Build.0 = Release|Win32
	EndGlobalSection
	GlobalSection(SolutionProperties) = preSolution
		HideSolutionNode = FALSE
	EndGlobalSection
EndGlobal
