<?xml version="1.0" encoding="utf-8"?>
<Project ToolsVersion="4.0" xmlns="http://schemas.microsoft.com/developer/msbuild/2003">
  <ItemGroup>
    <Filter Include="Source Files">
      <UniqueIdentifier>{4FC737F1-C7A5-4376-A066-2A32D752A2FF}</UniqueIdentifier>
      <Extensions>cpp;c;cc;cxx;def;odl;idl;hpj;bat;asm;asmx</Extensions>
    </Filter>
    <Filter Include="Header Files">
      <UniqueIdentifier>{93995380-89BD-4b04-88EB-625FBE52EBFB}</UniqueIdentifier>
      <Extensions>h;hh;hpp;hxx;hm;inl;inc;xsd</Extensions>
    </Filter>
    <Filter Include="Resource Files">
      <UniqueIdentifier>{67DA6AB6-F800-4c08-8B7A-83BB121AAD01}</UniqueIdentifier>
      <Extensions>rc;ico;cur;bmp;dlg;rc2;rct;bin;rgs;gif;jpg;jpeg;jpe;resx;tiff;tif;png;wav;mfcribbon-ms</Extensions>
    </Filter>
    <Filter Include="Source Files\output">
      <UniqueIdentifier>{35d8641f-1075-408d-af9c-07ae36ea572b}</UniqueIdentifier>
    </Filter>
    <Filter Include="Header Files\output">
      <UniqueIdentifier>{8312eacd-ae24-4852-a175-1d0e6ea2dfd8}</UniqueIdentifier>
    </Filter>
    <Filter Include="Source Files\input">
      <UniqueIdentifier>{7312f519-c617-4173-bf89-89ba9cc35593}</UniqueIdentifier>
    </Filter>
    <Filter Include="Header Files\input">
      <UniqueIdentifier>{01f44f1d-0b60-4912-ab98-c10c3cbba32b}</UniqueIdentifier>
    </Filter>
    <Filter Include="Header Files\ground">
      <UniqueIdentifier>{42504a1a-6f3d-4177-8477-b82a1054b30a}</UniqueIdentifier>
    </Filter>
    <Filter Include="Source Files\ground">
      <UniqueIdentifier>{84ebec0e-9bc1-4aaa-9983-4215b99b7d63}</UniqueIdentifier>
    </Filter>
  </ItemGroup>
  <ItemGroup>
    <ClInclude Include="..\..\libgringo\tests\catch.hpp">
      <Filter>Header Files</Filter>
    </ClInclude>
    <ClInclude Include="..\..\libgringo\tests\term_helper.hh">
      <Filter>Header Files</Filter>
    </ClInclude>
    <ClInclude Include="..\..\libgringo\tests\tests.hh">
      <Filter>Header Files</Filter>
    </ClInclude>
    <ClInclude Include="..\..\libgringo\tests\output\solver_helper.hh">
      <Filter>Header Files\output</Filter>
    </ClInclude>
    <ClInclude Include="..\..\libgringo\tests\input\aggregate_helper.hh">
      <Filter>Header Files\input</Filter>
    </ClInclude>
    <ClInclude Include="..\..\libgringo\tests\input\lit_helper.hh">
      <Filter>Header Files\input</Filter>
    </ClInclude>
    <ClInclude Include="..\..\libgringo\tests\ground\grounder_helper.hh">
      <Filter>Header Files\ground</Filter>
    </ClInclude>
  </ItemGroup>
  <ItemGroup>
    <ClCompile Include="..\..\libgringo\tests\graph.cc">
      <Filter>Source Files</Filter>
    </ClCompile>
    <ClCompile Include="..\..\libgringo\tests\intervals.cc">
      <Filter>Source Files</Filter>
    </ClCompile>
    <ClCompile Include="..\..\libgringo\tests\lua.cc">
      <Filter>Source Files</Filter>
    </ClCompile>
    <ClCompile Include="..\..\libgringo\tests\main.cc">
      <Filter>Source Files</Filter>
    </ClCompile>
    <ClCompile Include="..\..\libgringo\tests\python.cc">
      <Filter>Source Files</Filter>
    </ClCompile>
    <ClCompile Include="..\..\libgringo\tests\safetycheck.cc">
      <Filter>Source Files</Filter>
    </ClCompile>
    <ClCompile Include="..\..\libgringo\tests\symbol.cc">
      <Filter>Source Files</Filter>
    </ClCompile>
    <ClCompile Include="..\..\libgringo\tests\term.cc">
      <Filter>Source Files</Filter>
    </ClCompile>
    <ClCompile Include="..\..\libgringo\tests\unique_vec.cc">
      <Filter>Source Files</Filter>
    </ClCompile>
    <ClCompile Include="..\..\libgringo\tests\utility.cc">
      <Filter>Source Files</Filter>
    </ClCompile>
    <ClCompile Include="..\..\libgringo\tests\output\aspcomp13.cc">
      <Filter>Source Files\output</Filter>
    </ClCompile>
    <ClCompile Include="..\..\libgringo\tests\output\incremental.cc">
      <Filter>Source Files\output</Filter>
    </ClCompile>
    <ClCompile Include="..\..\libgringo\tests\output\lparse.cc">
      <Filter>Source Files\output</Filter>
    </ClCompile>
    <ClCompile Include="..\..\libgringo\tests\output\theory.cc">
      <Filter>Source Files\output</Filter>
    </ClCompile>
    <ClCompile Include="..\..\libgringo\tests\output\warnings.cc">
      <Filter>Source Files\output</Filter>
    </ClCompile>
    <ClCompile Include="..\..\libgringo\tests\input\aggregate.cc">
      <Filter>Source Files\input</Filter>
    </ClCompile>
    <ClCompile Include="..\..\libgringo\tests\input\literal.cc">
      <Filter>Source Files\input</Filter>
    </ClCompile>
    <ClCompile Include="..\..\libgringo\tests\input\nongroundgrammar.cc">
      <Filter>Source Files\input</Filter>
    </ClCompile>
    <ClCompile Include="..\..\libgringo\tests\input\nongroundlexer.cc">
      <Filter>Source Files\input</Filter>
    </ClCompile>
    <ClCompile Include="..\..\libgringo\tests\input\parse_term.cc">
      <Filter>Source Files\input</Filter>
    </ClCompile>
    <ClCompile Include="..\..\libgringo\tests\input\program.cc">
      <Filter>Source Files\input</Filter>
    </ClCompile>
    <ClCompile Include="..\..\libgringo\tests\input\programbuilder.cc">
      <Filter>Source Files\input</Filter>
    </ClCompile>
    <ClCompile Include="..\..\libgringo\tests\ground\dependency.cc">
      <Filter>Source Files\ground</Filter>
    </ClCompile>
    <ClCompile Include="..\..\libgringo\tests\ground\instantiation.cc">
      <Filter>Source Files\ground</Filter>
    </ClCompile>
    <ClCompile Include="..\..\libgringo\tests\ground\literal.cc">
      <Filter>Source Files\ground</Filter>
    </ClCompile>
    <ClCompile Include="..\..\libgringo\tests\ground\program.cc">
      <Filter>Source Files\ground</Filter>
    </ClCompile>
    <ClCompile Include="..\..\libgringo\tests\ground\theory.cc">
      <Filter>Source Files\ground</Filter>
    </ClCompile>
  </ItemGroup>
</Project>